// !$*UTF8*$!
{
	archiveVersion = 1;
	classes = {
	};
	objectVersion = 55;
	objects = {

/* Begin PBXBuildFile section */
		803C72C827333B8500BFA8EF /* LiquidSwipeApp.swift in Sources */ = {isa = PBXBuildFile; fileRef = 803C72C727333B8500BFA8EF /* LiquidSwipeApp.swift */; };
		803C72CC27333B8800BFA8EF /* Assets.xcassets in Resources */ = {isa = PBXBuildFile; fileRef = 803C72CB27333B8800BFA8EF /* Assets.xcassets */; };
		803C72CF27333B8800BFA8EF /* Preview Assets.xcassets in Resources */ = {isa = PBXBuildFile; fileRef = 803C72CE27333B8800BFA8EF /* Preview Assets.xcassets */; };
		803C72D62733715400BFA8EF /* View.swift in Sources */ = {isa = PBXBuildFile; fileRef = 803C72D52733715400BFA8EF /* View.swift */; };
		803C72DC2733753400BFA8EF /* OnePage.swift in Sources */ = {isa = PBXBuildFile; fileRef = 803C72DB2733753400BFA8EF /* OnePage.swift */; };
		803C72DE273375A500BFA8EF /* HomeView.swift in Sources */ = {isa = PBXBuildFile; fileRef = 803C72DD273375A500BFA8EF /* HomeView.swift */; };
		803C72E0273387A400BFA8EF /* TimeOfDayDO.swift in Sources */ = {isa = PBXBuildFile; fileRef = 803C72DF273387A400BFA8EF /* TimeOfDayDO.swift */; };
		803C72E22733884200BFA8EF /* TimeOfDayOO.swift in Sources */ = {isa = PBXBuildFile; fileRef = 803C72E12733884200BFA8EF /* TimeOfDayOO.swift */; };
		8085DBE42734BA3D009194F3 /* LiquidShape.swift in Sources */ = {isa = PBXBuildFile; fileRef = 8085DBE32734BA3D009194F3 /* LiquidShape.swift */; };
		8085DBE62735E64A009194F3 /* Side.swift in Sources */ = {isa = PBXBuildFile; fileRef = 8085DBE52735E64A009194F3 /* Side.swift */; };
		8085DBE82735FD3F009194F3 /* ChevronView.swift in Sources */ = {isa = PBXBuildFile; fileRef = 8085DBE72735FD3F009194F3 /* ChevronView.swift */; };
		8088645B2739D85A00598CC2 /* ExyteLiquidSwipeView.swift in Sources */ = {isa = PBXBuildFile; fileRef = 8088645A2739D85A00598CC2 /* ExyteLiquidSwipeView.swift */; };
/* End PBXBuildFile section */

/* Begin PBXFileReference section */
		803C72C427333B8500BFA8EF /* LiquidSwipe.app */ = {isa = PBXFileReference; explicitFileType = wrapper.application; includeInIndex = 0; path = LiquidSwipe.app; sourceTree = BUILT_PRODUCTS_DIR; };
		803C72C727333B8500BFA8EF /* LiquidSwipeApp.swift */ = {isa = PBXFileReference; lastKnownFileType = sourcecode.swift; path = LiquidSwipeApp.swift; sourceTree = "<group>"; };
		803C72CB27333B8800BFA8EF /* Assets.xcassets */ = {isa = PBXFileReference; lastKnownFileType = folder.assetcatalog; path = Assets.xcassets; sourceTree = "<group>"; };
		803C72CE27333B8800BFA8EF /* Preview Assets.xcassets */ = {isa = PBXFileReference; lastKnownFileType = folder.assetcatalog; path = "Preview Assets.xcassets"; sourceTree = "<group>"; };
		803C72D52733715400BFA8EF /* View.swift */ = {isa = PBXFileReference; lastKnownFileType = sourcecode.swift; path = View.swift; sourceTree = "<group>"; };
		803C72DB2733753400BFA8EF /* OnePage.swift */ = {isa = PBXFileReference; lastKnownFileType = sourcecode.swift; path = OnePage.swift; sourceTree = "<group>"; };
		803C72DD273375A500BFA8EF /* HomeView.swift */ = {isa = PBXFileReference; lastKnownFileType = sourcecode.swift; path = HomeView.swift; sourceTree = "<group>"; };
		803C72DF273387A400BFA8EF /* TimeOfDayDO.swift */ = {isa = PBXFileReference; lastKnownFileType = sourcecode.swift; path = TimeOfDayDO.swift; sourceTree = "<group>"; };
		803C72E12733884200BFA8EF /* TimeOfDayOO.swift */ = {isa = PBXFileReference; lastKnownFileType = sourcecode.swift; path = TimeOfDayOO.swift; sourceTree = "<group>"; };
		8085DBE32734BA3D009194F3 /* LiquidShape.swift */ = {isa = PBXFileReference; lastKnownFileType = sourcecode.swift; path = LiquidShape.swift; sourceTree = "<group>"; };
		8085DBE52735E64A009194F3 /* Side.swift */ = {isa = PBXFileReference; lastKnownFileType = sourcecode.swift; path = Side.swift; sourceTree = "<group>"; };
		8085DBE72735FD3F009194F3 /* ChevronView.swift */ = {isa = PBXFileReference; lastKnownFileType = sourcecode.swift; path = ChevronView.swift; sourceTree = "<group>"; };
		8088645A2739D85A00598CC2 /* ExyteLiquidSwipeView.swift */ = {isa = PBXFileReference; lastKnownFileType = sourcecode.swift; name = ExyteLiquidSwipeView.swift; path = LiquidSwipe/ExyteLiquidSwipeView.swift; sourceTree = SOURCE_ROOT; };
/* End PBXFileReference section */

/* Begin PBXFrameworksBuildPhase section */
		803C72C127333B8500BFA8EF /* Frameworks */ = {
			isa = PBXFrameworksBuildPhase;
			buildActionMask = 2147483647;
			files = (
			);
			runOnlyForDeploymentPostprocessing = 0;
		};
/* End PBXFrameworksBuildPhase section */

/* Begin PBXGroup section */
		803C72BB27333B8500BFA8EF = {
			isa = PBXGroup;
			children = (
				803C72C627333B8500BFA8EF /* LiquidSwipe */,
				803C72C527333B8500BFA8EF /* Products */,
			);
			sourceTree = "<group>";
		};
		803C72C527333B8500BFA8EF /* Products */ = {
			isa = PBXGroup;
			children = (
				803C72C427333B8500BFA8EF /* LiquidSwipe.app */,
			);
			name = Products;
			sourceTree = "<group>";
		};
		803C72C627333B8500BFA8EF /* LiquidSwipe */ = {
			isa = PBXGroup;
			children = (
				803C72C727333B8500BFA8EF /* LiquidSwipeApp.swift */,
				803C72D8273374EC00BFA8EF /* Model */,
				803C72D9273374FA00BFA8EF /* ViewModel */,
				803C72DA2733750400BFA8EF /* View */,
				803C72E327338FB600BFA8EF /* Shape */,
				803C72D72733722400BFA8EF /* Extension */,
				803C72CB27333B8800BFA8EF /* Assets.xcassets */,
				803C72CD27333B8800BFA8EF /* Preview Content */,
			);
			path = LiquidSwipe;
			sourceTree = "<group>";
		};
		803C72CD27333B8800BFA8EF /* Preview Content */ = {
			isa = PBXGroup;
			children = (
				803C72CE27333B8800BFA8EF /* Preview Assets.xcassets */,
			);
			path = "Preview Content";
			sourceTree = "<group>";
		};
		803C72D72733722400BFA8EF /* Extension */ = {
			isa = PBXGroup;
			children = (
				803C72D52733715400BFA8EF /* View.swift */,
			);
			path = Extension;
			sourceTree = "<group>";
		};
		803C72D8273374EC00BFA8EF /* Model */ = {
			isa = PBXGroup;
			children = (
				803C72DF273387A400BFA8EF /* TimeOfDayDO.swift */,
				8085DBE52735E64A009194F3 /* Side.swift */,
			);
			path = Model;
			sourceTree = "<group>";
		};
		803C72D9273374FA00BFA8EF /* ViewModel */ = {
			isa = PBXGroup;
			children = (
				803C72E12733884200BFA8EF /* TimeOfDayOO.swift */,
			);
			path = ViewModel;
			sourceTree = "<group>";
		};
		803C72DA2733750400BFA8EF /* View */ = {
			isa = PBXGroup;
			children = (
				8088645A2739D85A00598CC2 /* ExyteLiquidSwipeView.swift */,
				803C72DD273375A500BFA8EF /* HomeView.swift */,
				803C72DB2733753400BFA8EF /* OnePage.swift */,
				8085DBE72735FD3F009194F3 /* ChevronView.swift */,
			);
			path = View;
			sourceTree = "<group>";
		};
		803C72E327338FB600BFA8EF /* Shape */ = {
			isa = PBXGroup;
			children = (
				8085DBE32734BA3D009194F3 /* LiquidShape.swift */,
			);
			path = Shape;
			sourceTree = "<group>";
		};
/* End PBXGroup section */

/* Begin PBXNativeTarget section */
		803C72C327333B8500BFA8EF /* LiquidSwipe */ = {
			isa = PBXNativeTarget;
			buildConfigurationList = 803C72D227333B8800BFA8EF /* Build configuration list for PBXNativeTarget "LiquidSwipe" */;
			buildPhases = (
				803C72C027333B8500BFA8EF /* Sources */,
				803C72C127333B8500BFA8EF /* Frameworks */,
				803C72C227333B8500BFA8EF /* Resources */,
			);
			buildRules = (
			);
			dependencies = (
			);
			name = LiquidSwipe;
			productName = LiquidSwipe;
			productReference = 803C72C427333B8500BFA8EF /* LiquidSwipe.app */;
			productType = "com.apple.product-type.application";
		};
/* End PBXNativeTarget section */

/* Begin PBXProject section */
		803C72BC27333B8500BFA8EF /* Project object */ = {
			isa = PBXProject;
			attributes = {
				BuildIndependentTargetsInParallel = 1;
				LastSwiftUpdateCheck = 1310;
				LastUpgradeCheck = 1310;
				TargetAttributes = {
					803C72C327333B8500BFA8EF = {
						CreatedOnToolsVersion = 13.1;
					};
				};
			};
			buildConfigurationList = 803C72BF27333B8500BFA8EF /* Build configuration list for PBXProject "LiquidSwipe" */;
			compatibilityVersion = "Xcode 13.0";
			developmentRegion = en;
			hasScannedForEncodings = 0;
			knownRegions = (
				en,
				Base,
			);
			mainGroup = 803C72BB27333B8500BFA8EF;
			productRefGroup = 803C72C527333B8500BFA8EF /* Products */;
			projectDirPath = "";
			projectRoot = "";
			targets = (
				803C72C327333B8500BFA8EF /* LiquidSwipe */,
			);
		};
/* End PBXProject section */

/* Begin PBXResourcesBuildPhase section */
		803C72C227333B8500BFA8EF /* Resources */ = {
			isa = PBXResourcesBuildPhase;
			buildActionMask = 2147483647;
			files = (
				803C72CF27333B8800BFA8EF /* Preview Assets.xcassets in Resources */,
				803C72CC27333B8800BFA8EF /* Assets.xcassets in Resources */,
			);
			runOnlyForDeploymentPostprocessing = 0;
		};
/* End PBXResourcesBuildPhase section */

/* Begin PBXSourcesBuildPhase section */
		803C72C027333B8500BFA8EF /* Sources */ = {
			isa = PBXSourcesBuildPhase;
			buildActionMask = 2147483647;
			files = (
				803C72E22733884200BFA8EF /* TimeOfDayOO.swift in Sources */,
				8085DBE82735FD3F009194F3 /* ChevronView.swift in Sources */,
				803C72C827333B8500BFA8EF /* LiquidSwipeApp.swift in Sources */,
				8085DBE62735E64A009194F3 /* Side.swift in Sources */,
				8088645B2739D85A00598CC2 /* ExyteLiquidSwipeView.swift in Sources */,
				803C72DE273375A500BFA8EF /* HomeView.swift in Sources */,
				803C72E0273387A400BFA8EF /* TimeOfDayDO.swift in Sources */,
				8085DBE42734BA3D009194F3 /* LiquidShape.swift in Sources */,
				803C72D62733715400BFA8EF /* View.swift in Sources */,
				803C72DC2733753400BFA8EF /* OnePage.swift in Sources */,
			);
			runOnlyForDeploymentPostprocessing = 0;
		};
/* End PBXSourcesBuildPhase section */

/* Begin XCBuildConfiguration section */
		803C72D027333B8800BFA8EF /* Debug */ = {
			isa = XCBuildConfiguration;
			buildSettings = {
				ALWAYS_SEARCH_USER_PATHS = NO;
				CLANG_ANALYZER_NONNULL = YES;
				CLANG_ANALYZER_NUMBER_OBJECT_CONVERSION = YES_AGGRESSIVE;
				CLANG_CXX_LANGUAGE_STANDARD = "gnu++17";
				CLANG_CXX_LIBRARY = "libc++";
				CLANG_ENABLE_MODULES = YES;
				CLANG_ENABLE_OBJC_ARC = YES;
				CLANG_ENABLE_OBJC_WEAK = YES;
				CLANG_WARN_BLOCK_CAPTURE_AUTORELEASING = YES;
				CLANG_WARN_BOOL_CONVERSION = YES;
				CLANG_WARN_COMMA = YES;
				CLANG_WARN_CONSTANT_CONVERSION = YES;
				CLANG_WARN_DEPRECATED_OBJC_IMPLEMENTATIONS = YES;
				CLANG_WARN_DIRECT_OBJC_ISA_USAGE = YES_ERROR;
				CLANG_WARN_DOCUMENTATION_COMMENTS = YES;
				CLANG_WARN_EMPTY_BODY = YES;
				CLANG_WARN_ENUM_CONVERSION = YES;
				CLANG_WARN_INFINITE_RECURSION = YES;
				CLANG_WARN_INT_CONVERSION = YES;
				CLANG_WARN_NON_LITERAL_NULL_CONVERSION = YES;
				CLANG_WARN_OBJC_IMPLICIT_RETAIN_SELF = YES;
				CLANG_WARN_OBJC_LITERAL_CONVERSION = YES;
				CLANG_WARN_OBJC_ROOT_CLASS = YES_ERROR;
				CLANG_WARN_QUOTED_INCLUDE_IN_FRAMEWORK_HEADER = YES;
				CLANG_WARN_RANGE_LOOP_ANALYSIS = YES;
				CLANG_WARN_STRICT_PROTOTYPES = YES;
				CLANG_WARN_SUSPICIOUS_MOVE = YES;
				CLANG_WARN_UNGUARDED_AVAILABILITY = YES_AGGRESSIVE;
				CLANG_WARN_UNREACHABLE_CODE = YES;
				CLANG_WARN__DUPLICATE_METHOD_MATCH = YES;
				COPY_PHASE_STRIP = NO;
				DEBUG_INFORMATION_FORMAT = dwarf;
				ENABLE_STRICT_OBJC_MSGSEND = YES;
				ENABLE_TESTABILITY = YES;
				GCC_C_LANGUAGE_STANDARD = gnu11;
				GCC_DYNAMIC_NO_PIC = NO;
				GCC_NO_COMMON_BLOCKS = YES;
				GCC_OPTIMIZATION_LEVEL = 0;
				GCC_PREPROCESSOR_DEFINITIONS = (
					"DEBUG=1",
					"$(inherited)",
				);
				GCC_WARN_64_TO_32_BIT_CONVERSION = YES;
				GCC_WARN_ABOUT_RETURN_TYPE = YES_ERROR;
				GCC_WARN_UNDECLARED_SELECTOR = YES;
				GCC_WARN_UNINITIALIZED_AUTOS = YES_AGGRESSIVE;
				GCC_WARN_UNUSED_FUNCTION = YES;
				GCC_WARN_UNUSED_VARIABLE = YES;
				IPHONEOS_DEPLOYMENT_TARGET = 15.0;
				MTL_ENABLE_DEBUG_INFO = INCLUDE_SOURCE;
				MTL_FAST_MATH = YES;
				ONLY_ACTIVE_ARCH = YES;
				SDKROOT = iphoneos;
				SWIFT_ACTIVE_COMPILATION_CONDITIONS = DEBUG;
				SWIFT_OPTIMIZATION_LEVEL = "-Onone";
			};
			name = Debug;
		};
		803C72D127333B8800BFA8EF /* Release */ = {
			isa = XCBuildConfiguration;
			buildSettings = {
				ALWAYS_SEARCH_USER_PATHS = NO;
				CLANG_ANALYZER_NONNULL = YES;
				CLANG_ANALYZER_NUMBER_OBJECT_CONVERSION = YES_AGGRESSIVE;
				CLANG_CXX_LANGUAGE_STANDARD = "gnu++17";
				CLANG_CXX_LIBRARY = "libc++";
				CLANG_ENABLE_MODULES = YES;
				CLANG_ENABLE_OBJC_ARC = YES;
				CLANG_ENABLE_OBJC_WEAK = YES;
				CLANG_WARN_BLOCK_CAPTURE_AUTORELEASING = YES;
				CLANG_WARN_BOOL_CONVERSION = YES;
				CLANG_WARN_COMMA = YES;
				CLANG_WARN_CONSTANT_CONVERSION = YES;
				CLANG_WARN_DEPRECATED_OBJC_IMPLEMENTATIONS = YES;
				CLANG_WARN_DIRECT_OBJC_ISA_USAGE = YES_ERROR;
				CLANG_WARN_DOCUMENTATION_COMMENTS = YES;
				CLANG_WARN_EMPTY_BODY = YES;
				CLANG_WARN_ENUM_CONVERSION = YES;
				CLANG_WARN_INFINITE_RECURSION = YES;
				CLANG_WARN_INT_CONVERSION = YES;
				CLANG_WARN_NON_LITERAL_NULL_CONVERSION = YES;
				CLANG_WARN_OBJC_IMPLICIT_RETAIN_SELF = YES;
				CLANG_WARN_OBJC_LITERAL_CONVERSION = YES;
				CLANG_WARN_OBJC_ROOT_CLASS = YES_ERROR;
				CLANG_WARN_QUOTED_INCLUDE_IN_FRAMEWORK_HEADER = YES;
				CLANG_WARN_RANGE_LOOP_ANALYSIS = YES;
				CLANG_WARN_STRICT_PROTOTYPES = YES;
				CLANG_WARN_SUSPICIOUS_MOVE = YES;
				CLANG_WARN_UNGUARDED_AVAILABILITY = YES_AGGRESSIVE;
				CLANG_WARN_UNREACHABLE_CODE = YES;
				CLANG_WARN__DUPLICATE_METHOD_MATCH = YES;
				COPY_PHASE_STRIP = NO;
				DEBUG_INFORMATION_FORMAT = "dwarf-with-dsym";
				ENABLE_NS_ASSERTIONS = NO;
				ENABLE_STRICT_OBJC_MSGSEND = YES;
				GCC_C_LANGUAGE_STANDARD = gnu11;
				GCC_NO_COMMON_BLOCKS = YES;
				GCC_WARN_64_TO_32_BIT_CONVERSION = YES;
				GCC_WARN_ABOUT_RETURN_TYPE = YES_ERROR;
				GCC_WARN_UNDECLARED_SELECTOR = YES;
				GCC_WARN_UNINITIALIZED_AUTOS = YES_AGGRESSIVE;
				GCC_WARN_UNUSED_FUNCTION = YES;
				GCC_WARN_UNUSED_VARIABLE = YES;
				IPHONEOS_DEPLOYMENT_TARGET = 15.0;
				MTL_ENABLE_DEBUG_INFO = NO;
				MTL_FAST_MATH = YES;
				SDKROOT = iphoneos;
				SWIFT_COMPILATION_MODE = wholemodule;
				SWIFT_OPTIMIZATION_LEVEL = "-O";
				VALIDATE_PRODUCT = YES;
			};
			name = Release;
		};
		803C72D327333B8800BFA8EF /* Debug */ = {
			isa = XCBuildConfiguration;
			buildSettings = {
				ASSETCATALOG_COMPILER_APPICON_NAME = AppIcon;
				ASSETCATALOG_COMPILER_GLOBAL_ACCENT_COLOR_NAME = AccentColor;
				CODE_SIGN_STYLE = Automatic;
				CURRENT_PROJECT_VERSION = 420.104;
				DEVELOPMENT_ASSET_PATHS = "\"LiquidSwipe/Preview Content\"";
				DEVELOPMENT_TEAM = 879U287R5Q;
				ENABLE_PREVIEWS = YES;
				GENERATE_INFOPLIST_FILE = YES;
				INFOPLIST_KEY_UIApplicationSceneManifest_Generation = YES;
				INFOPLIST_KEY_UIApplicationSupportsIndirectInputEvents = YES;
				INFOPLIST_KEY_UILaunchScreen_Generation = YES;
				INFOPLIST_KEY_UIRequiresFullScreen = YES;
				INFOPLIST_KEY_UISupportedInterfaceOrientations = UIInterfaceOrientationPortrait;
				INFOPLIST_KEY_UISupportedInterfaceOrientations_iPad = "UIInterfaceOrientationPortrait UIInterfaceOrientationPortraitUpsideDown";
				INFOPLIST_KEY_UISupportedInterfaceOrientations_iPhone = UIInterfaceOrientationPortrait;
				LD_RUNPATH_SEARCH_PATHS = (
					"$(inherited)",
					"@executable_path/Frameworks",
				);
				MARKETING_VERSION = 1.0;
				PRODUCT_BUNDLE_IDENTIFIER = ihValery.LiquidSwipe;
				PRODUCT_NAME = "$(TARGET_NAME)";
				SWIFT_EMIT_LOC_STRINGS = YES;
				SWIFT_VERSION = 5.0;
				TARGETED_DEVICE_FAMILY = "1,2";
			};
			name = Debug;
		};
		803C72D427333B8800BFA8EF /* Release */ = {
			isa = XCBuildConfiguration;
			buildSettings = {
				ASSETCATALOG_COMPILER_APPICON_NAME = AppIcon;
				ASSETCATALOG_COMPILER_GLOBAL_ACCENT_COLOR_NAME = AccentColor;
				CODE_SIGN_STYLE = Automatic;
				CURRENT_PROJECT_VERSION = 420.104;
				DEVELOPMENT_ASSET_PATHS = "\"LiquidSwipe/Preview Content\"";
				DEVELOPMENT_TEAM = 879U287R5Q;
				ENABLE_PREVIEWS = YES;
				GENERATE_INFOPLIST_FILE = YES;
				INFOPLIST_KEY_UIApplicationSceneManifest_Generation = YES;
				INFOPLIST_KEY_UIApplicationSupportsIndirectInputEvents = YES;
				INFOPLIST_KEY_UILaunchScreen_Generation = YES;
				INFOPLIST_KEY_UIRequiresFullScreen = YES;
				INFOPLIST_KEY_UISupportedInterfaceOrientations = UIInterfaceOrientationPortrait;
				INFOPLIST_KEY_UISupportedInterfaceOrientations_iPad = "UIInterfaceOrientationPortrait UIInterfaceOrientationPortraitUpsideDown";
				INFOPLIST_KEY_UISupportedInterfaceOrientations_iPhone = UIInterfaceOrientationPortrait;
				LD_RUNPATH_SEARCH_PATHS = (
					"$(inherited)",
					"@executable_path/Frameworks",
				);
				MARKETING_VERSION = 1.0;
				PRODUCT_BUNDLE_IDENTIFIER = ihValery.LiquidSwipe;
				PRODUCT_NAME = "$(TARGET_NAME)";
				SWIFT_EMIT_LOC_STRINGS = YES;
				SWIFT_VERSION = 5.0;
				TARGETED_DEVICE_FAMILY = "1,2";
			};
			name = Release;
		};
/* End XCBuildConfiguration section */

/* Begin XCConfigurationList section */
		803C72BF27333B8500BFA8EF /* Build configuration list for PBXProject "LiquidSwipe" */ = {
			isa = XCConfigurationList;
			buildConfigurations = (
				803C72D027333B8800BFA8EF /* Debug */,
				803C72D127333B8800BFA8EF /* Release */,
			);
			defaultConfigurationIsVisible = 0;
			defaultConfigurationName = Release;
		};
		803C72D227333B8800BFA8EF /* Build configuration list for PBXNativeTarget "LiquidSwipe" */ = {
			isa = XCConfigurationList;
			buildConfigurations = (
				803C72D327333B8800BFA8EF /* Debug */,
				803C72D427333B8800BFA8EF /* Release */,
			);
			defaultConfigurationIsVisible = 0;
			defaultConfigurationName = Release;
		};
/* End XCConfigurationList section */
	};
	rootObject = 803C72BC27333B8500BFA8EF /* Project object */;
}
